{
  "pins" : [
    {
      "identity" : "alamofire",
      "kind" : "remoteSourceControl",
      "location" : "https://github.com/Alamofire/Alamofire.git",
      "state" : {
        "revision" : "bc268c28fb170f494de9e9927c371b8342979ece",
        "version" : "5.7.1"
      }
    },
    {
      "identity" : "cryptoswift",
      "kind" : "remoteSourceControl",
      "location" : "https://github.com/krzyzanowskim/CryptoSwift.git",
      "state" : {
        "revision" : "32f641cf24fc7abc1c591a2025e9f2f572648b0f",
        "version" : "1.7.2"
      }
    },
    {
      "identity" : "lottie-ios",
      "kind" : "remoteSourceControl",
      "location" : "https://github.com/airbnb/lottie-ios.git",
      "state" : {
        "revision" : "b4bd0604ded9574807f41b4004b57dd1226a30a4",
        "version" : "3.5.0"
      }
    },
    {
      "identity" : "lottieanimationmanager",
      "kind" : "remoteSourceControl",
      "location" : "https://github.com/smilesiosteam/LottieAnimationManager.git",
      "state" : {
        "branch" : "main",
        "revision" : "f25b53cbc39d2938144ba4cc64a0b00f49348ffb"
      }
    },
    {
      "identity" : "networkinglayer",
      "kind" : "remoteSourceControl",
      "location" : "https://github.com/smilesiosteam/NetworkingLayer.git",
      "state" : {
        "branch" : "main",
        "revision" : "48c34bc08fa85f5d76d031bbd3078236577506b9"
      }
    },
    {
      "identity" : "nvactivityindicatorview",
      "kind" : "remoteSourceControl",
      "location" : "https://github.com/ninjaprox/NVActivityIndicatorView.git",
      "state" : {
        "revision" : "bcb52371f2259254bac6690f92bb474a61768c47",
        "version" : "5.1.1"
      }
    },
    {
      "identity" : "sdwebimage",
      "kind" : "remoteSourceControl",
      "location" : "https://github.com/SDWebImage/SDWebImage.git",
      "state" : {
        "revision" : "c51ba84499268ea3020e6aee9e229c0f56b9d924",
        "version" : "5.16.0"
      }
    },
    {
      "identity" : "skeletonview",
      "kind" : "remoteSourceControl",
      "location" : "https://github.com/Juanpe/SkeletonView.git",
      "state" : {
        "revision" : "739a4f5d78731bebc48811c75fa9e1f4c4cef23e",
        "version" : "1.30.4"
      }
    },
    {
      "identity" : "smilesanalytics",
      "kind" : "remoteSourceControl",
      "location" : "https://github.com/smilesiosteam/SmilesAnalytics.git",
      "state" : {
        "branch" : "main",
        "revision" : "e956827dd6ad06a4da00bb99f3c754928fdab0c2"
      }
    },
    {
      "identity" : "smilesbasemainrequest",
      "kind" : "remoteSourceControl",
      "location" : "https://github.com/smilesiosteam/SmilesBaseMainRequest.git",
      "state" : {
        "branch" : "main",
        "revision" : "306ab0bb0ba9433427dc91cf35ac24bf31d23ed7"
      }
    },
    {
      "identity" : "smileseasytipview",
      "kind" : "remoteSourceControl",
      "location" : "https://github.com/smilesiosteam/SmilesEasyTipView.git",
      "state" : {
        "branch" : "main",
        "revision" : "c321c738dbd135a8a68f5d09dcaee00220183d50"
      }
    },
    {
      "identity" : "smilesfontsmanager",
      "kind" : "remoteSourceControl",
      "location" : "https://github.com/smilesiosteam/SmilesFontsManager.git",
      "state" : {
        "branch" : "main",
        "revision" : "e3f7b642d336d8f6feac7877854676f1c44ac3e5"
      }
    },
    {
      "identity" : "smileslanguagemanager",
      "kind" : "remoteSourceControl",
      "location" : "https://github.com/smilesiosteam/SmilesLanguageManager.git",
      "state" : {
        "branch" : "main",
        "revision" : "dedbbba61476d4721105a977759382c750f884bb"
      }
    },
    {
      "identity" : "smilesloader",
      "kind" : "remoteSourceControl",
      "location" : "https://github.com/smilesiosteam/SmilesLoader.git",
      "state" : {
        "branch" : "main",
        "revision" : "973153ded74e698617708c172347924045c30764"
      }
    },
    {
      "identity" : "smileslocationhandler",
      "kind" : "remoteSourceControl",
      "location" : "https://github.com/smilesiosteam/SmilesLocationHandler.git",
      "state" : {
        "branch" : "main",
        "revision" : "878b8c812467d8d6954fb06dbc68adf33fe42f20"
      }
    },
    {
      "identity" : "smilessharedservices",
      "kind" : "remoteSourceControl",
      "location" : "https://github.com/smilesiosteam/SmilesSharedServices.git",
      "state" : {
        "branch" : "main",
        "revision" : "f09f3d4619d2071c0b39bf00fdd6ab03f08150c6"
      }
    },
    {
      "identity" : "smilesstorage",
      "kind" : "remoteSourceControl",
      "location" : "https://github.com/smilesiosteam/SmilesStorage.git",
      "state" : {
        "revision" : "89a57c302aab530f033ba35f001b09cfee822707",
        "version" : "1.0.0"
      }
    },
    {
      "identity" : "smilesutilities",
      "kind" : "remoteSourceControl",
      "location" : "https://github.com/smilesiosteam/SmilesUtilities.git",
      "state" : {
        "branch" : "main",
        "revision" : "e03a3a31968e1f1ee20598e5a2bf3f38c84224e7"
      }
    }
  ],
  "version" : 2
}
